{
  "version": 4,
  "terraform_version": "0.12.19",
  "serial": 37,
  "lineage": "a94cdb54-6b37-a8db-3a58-30736c95c659",
  "outputs": {
    "app_external_ip": {
      "value": "34.76.194.172",
      "type": "string"
    }
  },
  "resources": [
    {
      "mode": "managed",
      "type": "google_compute_firewall",
      "name": "firewall_puma",
      "provider": "provider.google",
      "instances": [
        {
          "schema_version": 1,
          "attributes": {
            "allow": [
              {
                "ports": [
                  "9292"
                ],
                "protocol": "tcp"
              }
            ],
            "creation_timestamp": "2020-01-13T12:37:53.339-08:00",
            "deny": [],
            "description": "",
            "destination_ranges": [],
            "direction": "INGRESS",
            "disabled": false,
            "id": "allow-puma-default",
            "name": "allow-puma-default",
            "network": "https://www.googleapis.com/compute/v1/projects/infra-263114/global/networks/default",
            "priority": 1000,
            "project": "infra-263114",
            "self_link": "https://www.googleapis.com/compute/v1/projects/infra-263114/global/firewalls/allow-puma-default",
            "source_ranges": [
              "0.0.0.0/0"
            ],
            "source_service_accounts": [],
            "source_tags": [],
            "target_service_accounts": [],
            "target_tags": [
              "reddit-app"
            ],
            "timeouts": null
          },
          "private": "eyJlMmJmYjczMC1lY2FhLTExZTYtOGY4OC0zNDM2M2JjN2M0YzAiOnsiY3JlYXRlIjoyNDAwMDAwMDAwMDAsImRlbGV0ZSI6MjQwMDAwMDAwMDAwLCJ1cGRhdGUiOjI0MDAwMDAwMDAwMH0sInNjaGVtYV92ZXJzaW9uIjoiMSJ9"
        }
      ]
    },
    {
      "mode": "managed",
      "type": "google_compute_instance",
      "name": "app",
      "provider": "provider.google",
      "instances": [
        {
          "schema_version": 6,
          "attributes": {
            "allow_stopping_for_update": null,
            "attached_disk": [],
            "boot_disk": [
              {
                "auto_delete": true,
                "device_name": "persistent-disk-0",
                "disk_encryption_key_raw": "",
                "disk_encryption_key_sha256": "",
                "initialize_params": [
                  {
                    "image": "https://www.googleapis.com/compute/v1/projects/infra-263114/global/images/reddit-full-111",
                    "labels": {},
                    "size": 11,
                    "type": "pd-standard"
                  }
                ],
                "kms_key_self_link": "",
                "mode": "READ_WRITE",
                "source": "https://www.googleapis.com/compute/v1/projects/infra-263114/zones/europe-west1-b/disks/reddit-app-ter"
              }
            ],
            "can_ip_forward": false,
            "cpu_platform": "Intel Haswell",
            "deletion_protection": false,
            "description": "",
            "disk": [],
            "guest_accelerator": [],
            "hostname": "",
            "id": "reddit-app-ter",
            "instance_id": "6879926007008160717",
            "label_fingerprint": "42WmSpB8rSM=",
            "labels": {},
            "machine_type": "g1-small",
            "metadata": {
              "ssh-keys": "root:ssh-rsa AAAAB3NzaC1yc2EAAAADAQABAAABAQDRShIHo9csgMGN+MvaJGhT3zx3BW9xnCKob0+9v/E5dk2EJPuJvHqhXgYZ9WqSwPViwf5+8reeqWkk90lnzNz4dkf4Yxo7F6wfjYiebcB4JgLw+Is0VjDJaLKdMYnartecQnmoYvEQGWM9eHJfYwKLweXlhK3KCeVNQLg7HYB9TM1vbZNGRu/85oXo+84YXtp3uClW0aOWxTdHnS35XtGw4JS7g3UP3/lE7DbLYbrYzWFlcaYkSp/24lm0uB55cLaZPzMiK/17NptFJqwLfHZIwkzGA1IRMHoMvvRivmtzRORq/HM3cFt16/7dy32TIovGurZuJ2OtZX/bIaPt76kz root\n"
            },
            "metadata_fingerprint": "pRhgjGSCmu8=",
            "metadata_startup_script": "",
            "min_cpu_platform": "",
            "name": "reddit-app-ter",
            "network_interface": [
              {
                "access_config": [
                  {
                    "assigned_nat_ip": "",
                    "nat_ip": "34.76.194.172",
                    "network_tier": "PREMIUM",
                    "public_ptr_domain_name": ""
                  }
                ],
                "address": "",
                "alias_ip_range": [],
                "name": "nic0",
                "network": "https://www.googleapis.com/compute/v1/projects/infra-263114/global/networks/default",
                "network_ip": "10.132.0.20",
                "subnetwork": "https://www.googleapis.com/compute/v1/projects/infra-263114/regions/europe-west1/subnetworks/default",
                "subnetwork_project": "infra-263114"
              }
            ],
            "project": "infra-263114",
            "scheduling": [
              {
                "automatic_restart": true,
                "node_affinities": [],
                "on_host_maintenance": "MIGRATE",
                "preemptible": false
              }
            ],
            "scratch_disk": [],
            "self_link": "https://www.googleapis.com/compute/v1/projects/infra-263114/zones/europe-west1-b/instances/reddit-app-ter",
            "service_account": [],
            "shielded_instance_config": [],
            "tags": [
              "reddit-app"
            ],
            "tags_fingerprint": "M-ggixIz-AU=",
            "timeouts": null,
            "zone": "europe-west1-b"
          },
          "private": "eyJlMmJmYjczMC1lY2FhLTExZTYtOGY4OC0zNDM2M2JjN2M0YzAiOnsiY3JlYXRlIjoxMjAwMDAwMDAwMDAwLCJkZWxldGUiOjEyMDAwMDAwMDAwMDAsInVwZGF0ZSI6MTIwMDAwMDAwMDAwMH0sInNjaGVtYV92ZXJzaW9uIjoiNiJ9"
        }
      ]
    },
    {
      "mode": "managed",
      "type": "google_compute_project_metadata_item",
      "name": "shh-keys-appuser_web",
      "provider": "provider.google",
      "instances": [
        {
          "schema_version": 0,
          "attributes": {
            "id": "appuser_web",
            "key": "appuser_web",
            "project": null,
            "timeouts": null,
            "value": "root:ssh-rsa AAAAB3NzaC1yc2EAAAADAQABAAABAQDRShIHo9csgMGN+MvaJGhT3zx3BW9xnCKob0+9v/E5dk2EJPuJvHqhXgYZ9WqSwPViwf5+8reeqWkk90lnzNz4dkf4Yxo7F6wfjYiebcB4JgLw+Is0VjDJaLKdMYnartecQnmoYvEQGWM9eHJfYwKLweXlhK3KCeVNQLg7HYB9TM1vbZNGRu/85oXo+84YXtp3uClW0aOWxTdHnS35XtGw4JS7g3UP3/lE7DbLYbrYzWFlcaYkSp/24lm0uB55cLaZPzMiK/17NptFJqwLfHZIwkzGA1IRMHoMvvRivmtzRORq/HM3cFt16/7dy32TIovGurZuJ2OtZX/bIaPt76kz root\n"
          },
          "private": "eyJlMmJmYjczMC1lY2FhLTExZTYtOGY4OC0zNDM2M2JjN2M0YzAiOnsiY3JlYXRlIjozMDAwMDAwMDAwMDAsImRlbGV0ZSI6MzAwMDAwMDAwMDAwLCJ1cGRhdGUiOjMwMDAwMDAwMDAwMH19"
        }
      ]
    },
    {
      "mode": "managed",
      "type": "google_compute_project_metadata_item",
      "name": "ssh-keys-appuser1",
      "provider": "provider.google",
      "instances": [
        {
          "schema_version": 0,
          "attributes": {
            "id": "ssh-keys-appuser1",
            "key": "ssh-keys-appuser1",
            "project": "infra-263114",
            "timeouts": null,
            "value": "root:ssh-rsa AAAAB3NzaC1yc2EAAAADAQABAAABAQDRShIHo9csgMGN+MvaJGhT3zx3BW9xnCKob0+9v/E5dk2EJPuJvHqhXgYZ9WqSwPViwf5+8reeqWkk90lnzNz4dkf4Yxo7F6wfjYiebcB4JgLw+Is0VjDJaLKdMYnartecQnmoYvEQGWM9eHJfYwKLweXlhK3KCeVNQLg7HYB9TM1vbZNGRu/85oXo+84YXtp3uClW0aOWxTdHnS35XtGw4JS7g3UP3/lE7DbLYbrYzWFlcaYkSp/24lm0uB55cLaZPzMiK/17NptFJqwLfHZIwkzGA1IRMHoMvvRivmtzRORq/HM3cFt16/7dy32TIovGurZuJ2OtZX/bIaPt76kz root\n"
          },
          "private": "eyJlMmJmYjczMC1lY2FhLTExZTYtOGY4OC0zNDM2M2JjN2M0YzAiOnsiY3JlYXRlIjozMDAwMDAwMDAwMDAsImRlbGV0ZSI6MzAwMDAwMDAwMDAwLCJ1cGRhdGUiOjMwMDAwMDAwMDAwMH19"
        }
      ]
    },
    {
      "mode": "managed",
      "type": "google_compute_project_metadata_item",
      "name": "ssh-keys-appuser2",
      "provider": "provider.google",
      "instances": [
        {
          "schema_version": 0,
          "attributes": {
            "id": "ssh-keys-appuser2",
            "key": "ssh-keys-appuser2",
            "project": "infra-263114",
            "timeouts": null,
            "value": "root:ssh-rsa AAAAB3NzaC1yc2EAAAADAQABAAABAQDRShIHo9csgMGN+MvaJGhT3zx3BW9xnCKob0+9v/E5dk2EJPuJvHqhXgYZ9WqSwPViwf5+8reeqWkk90lnzNz4dkf4Yxo7F6wfjYiebcB4JgLw+Is0VjDJaLKdMYnartecQnmoYvEQGWM9eHJfYwKLweXlhK3KCeVNQLg7HYB9TM1vbZNGRu/85oXo+84YXtp3uClW0aOWxTdHnS35XtGw4JS7g3UP3/lE7DbLYbrYzWFlcaYkSp/24lm0uB55cLaZPzMiK/17NptFJqwLfHZIwkzGA1IRMHoMvvRivmtzRORq/HM3cFt16/7dy32TIovGurZuJ2OtZX/bIaPt76kz root\n"
          },
          "private": "eyJlMmJmYjczMC1lY2FhLTExZTYtOGY4OC0zNDM2M2JjN2M0YzAiOnsiY3JlYXRlIjozMDAwMDAwMDAwMDAsImRlbGV0ZSI6MzAwMDAwMDAwMDAwLCJ1cGRhdGUiOjMwMDAwMDAwMDAwMH19"
        }
      ]
    },
    {
      "mode": "managed",
      "type": "google_compute_project_metadata_item",
      "name": "ssh-keys-appuser3",
      "provider": "provider.google",
      "instances": [
        {
          "schema_version": 0,
          "attributes": {
            "id": "ssh-keys-appuser3",
            "key": "ssh-keys-appuser3",
            "project": "infra-263114",
            "timeouts": null,
            "value": "root:ssh-rsa AAAAB3NzaC1yc2EAAAADAQABAAABAQDRShIHo9csgMGN+MvaJGhT3zx3BW9xnCKob0+9v/E5dk2EJPuJvHqhXgYZ9WqSwPViwf5+8reeqWkk90lnzNz4dkf4Yxo7F6wfjYiebcB4JgLw+Is0VjDJaLKdMYnartecQnmoYvEQGWM9eHJfYwKLweXlhK3KCeVNQLg7HYB9TM1vbZNGRu/85oXo+84YXtp3uClW0aOWxTdHnS35XtGw4JS7g3UP3/lE7DbLYbrYzWFlcaYkSp/24lm0uB55cLaZPzMiK/17NptFJqwLfHZIwkzGA1IRMHoMvvRivmtzRORq/HM3cFt16/7dy32TIovGurZuJ2OtZX/bIaPt76kz root\n"
          },
          "private": "eyJlMmJmYjczMC1lY2FhLTExZTYtOGY4OC0zNDM2M2JjN2M0YzAiOnsiY3JlYXRlIjozMDAwMDAwMDAwMDAsImRlbGV0ZSI6MzAwMDAwMDAwMDAwLCJ1cGRhdGUiOjMwMDAwMDAwMDAwMH19"
        }
      ]
    }
  ]
}
